
Microsoft Visual Studio Solution File, Format Version 12.00
# Visual Studio Version 17
VisualStudioVersion = 17.9.34728.123
MinimumVisualStudioVersion = 10.0.40219.1
Project("{9A19103F-16F7-4668-BE54-9A1E7A4F7556}") = "umbGastroOn2024", "umbGastroOn2024\umbGastroOn2024.csproj", "{9977FC37-8FC7-449F-B014-F3DE20FB50FF}"
EndProject
Project("{9A19103F-16F7-4668-BE54-9A1E7A4F7556}") = "Domain", "Domain\Domain.csproj", "{21B73A6E-FD21-4F43-8E6A-666D2B984ACE}"
EndProject
Project("{9A19103F-16F7-4668-BE54-9A1E7A4F7556}") = "Infrastructure", "Infrastructure\Infrastructure.csproj", "{291D6608-517B-488E-8E05-2482481A2C71}"
EndProject
Project("{9A19103F-16F7-4668-BE54-9A1E7A4F7556}") = "Shared", "Shared\Shared.csproj", "{94F3EE60-2E84-4890-9837-BE2211A67FFC}"
EndProject
Project("{9A19103F-16F7-4668-BE54-9A1E7A4F7556}") = "Application", "Application\Application.csproj", "{4539C7C2-8D32-4034-B4CC-8C329587C53C}"
EndProject
Project("{9A19103F-16F7-4668-BE54-9A1E7A4F7556}") = "Tests", "Tests\Tests.csproj", "{0A833E11-51E7-4775-92BE-267A82C84ABF}"
EndProject
Project("{2150E333-8FDC-42A3-9474-1A3956D46DE8}") = "src", "src", "{90950D65-2CF2-4BA4-9E1C-C713288BB9C8}"
EndProject
Project("{2150E333-8FDC-42A3-9474-1A3956D46DE8}") = "build", "build", "{69F26D96-B33A-43A6-9D53-C2D447D54144}"
EndProject
Project("{2150E333-8FDC-42A3-9474-1A3956D46DE8}") = "scripts", "scripts", "{5815EA84-8D1E-4F2D-B50A-72C610FFAB1A}"
EndProject
Global
	GlobalSection(SolutionConfigurationPlatforms) = preSolution
		Debug|Any CPU = Debug|Any CPU
		Release|Any CPU = Release|Any CPU
	EndGlobalSection
	GlobalSection(ProjectConfigurationPlatforms) = postSolution
		{9977FC37-8FC7-449F-B014-F3DE20FB50FF}.Debug|Any CPU.ActiveCfg = Debug|Any CPU
		{9977FC37-8FC7-449F-B014-F3DE20FB50FF}.Debug|Any CPU.Build.0 = Debug|Any CPU
		{9977FC37-8FC7-449F-B014-F3DE20FB50FF}.Release|Any CPU.ActiveCfg = Release|Any CPU
		{9977FC37-8FC7-449F-B014-F3DE20FB50FF}.Release|Any CPU.Build.0 = Release|Any CPU
		{21B73A6E-FD21-4F43-8E6A-666D2B984ACE}.Debug|Any CPU.ActiveCfg = Debug|Any CPU
		{21B73A6E-FD21-4F43-8E6A-666D2B984ACE}.Debug|Any CPU.Build.0 = Debug|Any CPU
		{21B73A6E-FD21-4F43-8E6A-666D2B984ACE}.Release|Any CPU.ActiveCfg = Release|Any CPU
		{21B73A6E-FD21-4F43-8E6A-666D2B984ACE}.Release|Any CPU.Build.0 = Release|Any CPU
		{291D6608-517B-488E-8E05-2482481A2C71}.Debug|Any CPU.ActiveCfg = Debug|Any CPU
		{291D6608-517B-488E-8E05-2482481A2C71}.Debug|Any CPU.Build.0 = Debug|Any CPU
		{291D6608-517B-488E-8E05-2482481A2C71}.Release|Any CPU.ActiveCfg = Release|Any CPU
		{291D6608-517B-488E-8E05-2482481A2C71}.Release|Any CPU.Build.0 = Release|Any CPU
		{94F3EE60-2E84-4890-9837-BE2211A67FFC}.Debug|Any CPU.ActiveCfg = Debug|Any CPU
		{94F3EE60-2E84-4890-9837-BE2211A67FFC}.Debug|Any CPU.Build.0 = Debug|Any CPU
		{94F3EE60-2E84-4890-9837-BE2211A67FFC}.Release|Any CPU.ActiveCfg = Release|Any CPU
		{94F3EE60-2E84-4890-9837-BE2211A67FFC}.Release|Any CPU.Build.0 = Release|Any CPU
		{4539C7C2-8D32-4034-B4CC-8C329587C53C}.Debug|Any CPU.ActiveCfg = Debug|Any CPU
		{4539C7C2-8D32-4034-B4CC-8C329587C53C}.Debug|Any CPU.Build.0 = Debug|Any CPU
		{4539C7C2-8D32-4034-B4CC-8C329587C53C}.Release|Any CPU.ActiveCfg = Release|Any CPU
		{4539C7C2-8D32-4034-B4CC-8C329587C53C}.Release|Any CPU.Build.0 = Release|Any CPU
		{0A833E11-51E7-4775-92BE-267A82C84ABF}.Debug|Any CPU.ActiveCfg = Debug|Any CPU
		{0A833E11-51E7-4775-92BE-267A82C84ABF}.Debug|Any CPU.Build.0 = Debug|Any CPU
		{0A833E11-51E7-4775-92BE-267A82C84ABF}.Release|Any CPU.ActiveCfg = Release|Any CPU
		{0A833E11-51E7-4775-92BE-267A82C84ABF}.Release|Any CPU.Build.0 = Release|Any CPU
	EndGlobalSection
	GlobalSection(SolutionProperties) = preSolution
		HideSolutionNode = FALSE
	EndGlobalSection
	GlobalSection(NestedProjects) = preSolution
		{9977FC37-8FC7-449F-B014-F3DE20FB50FF} = {90950D65-2CF2-4BA4-9E1C-C713288BB9C8}
		{21B73A6E-FD21-4F43-8E6A-666D2B984ACE} = {90950D65-2CF2-4BA4-9E1C-C713288BB9C8}
		{291D6608-517B-488E-8E05-2482481A2C71} = {90950D65-2CF2-4BA4-9E1C-C713288BB9C8}
		{94F3EE60-2E84-4890-9837-BE2211A67FFC} = {90950D65-2CF2-4BA4-9E1C-C713288BB9C8}
		{4539C7C2-8D32-4034-B4CC-8C329587C53C} = {90950D65-2CF2-4BA4-9E1C-C713288BB9C8}
		{0A833E11-51E7-4775-92BE-267A82C84ABF} = {90950D65-2CF2-4BA4-9E1C-C713288BB9C8}
		{5815EA84-8D1E-4F2D-B50A-72C610FFAB1A} = {69F26D96-B33A-43A6-9D53-C2D447D54144}
	EndGlobalSection
	GlobalSection(ExtensibilityGlobals) = postSolution
		SolutionGuid = {DC90A17C-D111-4C18-9DD8-46110411E22D}
	EndGlobalSection
EndGlobal
